
Microsoft Visual Studio Solution File, Format Version 12.00
# Visual Studio Version 17
VisualStudioVersion = 17.0.31903.59
MinimumVisualStudioVersion = 10.0.40219.1
Project("{FAE04EC0-301F-11D3-BF4B-00C04F79EFBC}") = "API", "API\API.csproj", "{5B582BA3-2A75-4578-9B3F-B32D69AC5983}"
EndProject
Project("{FAE04EC0-301F-11D3-BF4B-00C04F79EFBC}") = "Core", "Core\Core.csproj", "{43A04EB5-1B7A-477A-B053-FD16178DB351}"
EndProject
Project("{FAE04EC0-301F-11D3-BF4B-00C04F79EFBC}") = "Infrastructure", "Infrastructure\Infrastructure.csproj", "{68F122B6-EA70-4251-899B-BB505A816D6F}"
EndProject
Global
	GlobalSection(SolutionConfigurationPlatforms) = preSolution
		Debug|Any CPU = Debug|Any CPU
		Release|Any CPU = Release|Any CPU
	EndGlobalSection
	GlobalSection(SolutionProperties) = preSolution
		HideSolutionNode = FALSE
	EndGlobalSection
	GlobalSection(ProjectConfigurationPlatforms) = postSolution
		{5B582BA3-2A75-4578-9B3F-B32D69AC5983}.Debug|Any CPU.ActiveCfg = Debug|Any CPU
		{5B582BA3-2A75-4578-9B3F-B32D69AC5983}.Debug|Any CPU.Build.0 = Debug|Any CPU
		{5B582BA3-2A75-4578-9B3F-B32D69AC5983}.Release|Any CPU.ActiveCfg = Release|Any CPU
		{5B582BA3-2A75-4578-9B3F-B32D69AC5983}.Release|Any CPU.Build.0 = Release|Any CPU
		{43A04EB5-1B7A-477A-B053-FD16178DB351}.Debug|Any CPU.ActiveCfg = Debug|Any CPU
		{43A04EB5-1B7A-477A-B053-FD16178DB351}.Debug|Any CPU.Build.0 = Debug|Any CPU
		{43A04EB5-1B7A-477A-B053-FD16178DB351}.Release|Any CPU.ActiveCfg = Release|Any CPU
		{43A04EB5-1B7A-477A-B053-FD16178DB351}.Release|Any CPU.Build.0 = Release|Any CPU
		{68F122B6-EA70-4251-899B-BB505A816D6F}.Debug|Any CPU.ActiveCfg = Debug|Any CPU
		{68F122B6-EA70-4251-899B-BB505A816D6F}.Debug|Any CPU.Build.0 = Debug|Any CPU
		{68F122B6-EA70-4251-899B-BB505A816D6F}.Release|Any CPU.ActiveCfg = Release|Any CPU
		{68F122B6-EA70-4251-899B-BB505A816D6F}.Release|Any CPU.Build.0 = Release|Any CPU
	EndGlobalSection
EndGlobal
